
Microsoft Visual Studio Solution File, Format Version 12.00
# Visual Studio Version 17
VisualStudioVersion = 17.7.34202.233
MinimumVisualStudioVersion = 10.0.40219.1
Project("{FAE04EC0-301F-11D3-BF4B-00C04F79EFBC}") = "Exercicio 19", "Exercicio 19\Exercicio 19.csproj", "{5B9D0EF4-5598-4CE6-A853-307B828802BF}"
EndProject
Global
	GlobalSection(SolutionConfigurationPlatforms) = preSolution
		Debug|Any CPU = Debug|Any CPU
		Release|Any CPU = Release|Any CPU
	EndGlobalSection
	GlobalSection(ProjectConfigurationPlatforms) = postSolution
		{5B9D0EF4-5598-4CE6-A853-307B828802BF}.Debug|Any CPU.ActiveCfg = Debug|Any CPU
		{5B9D0EF4-5598-4CE6-A853-307B828802BF}.Debug|Any CPU.Build.0 = Debug|Any CPU
		{5B9D0EF4-5598-4CE6-A853-307B828802BF}.Release|Any CPU.ActiveCfg = Release|Any CPU
		{5B9D0EF4-5598-4CE6-A853-307B828802BF}.Release|Any CPU.Build.0 = Release|Any CPU
	EndGlobalSection
	GlobalSection(SolutionProperties) = preSolution
		HideSolutionNode = FALSE
	EndGlobalSection
	GlobalSection(ExtensibilityGlobals) = postSolution
		SolutionGuid = {3BFB6F96-05AB-4B52-9869-FE7AE87F9AAE}
	EndGlobalSection
EndGlobal
